
Microsoft Visual Studio Solution File, Format Version 12.00
# Visual Studio 15
VisualStudioVersion = 15.0.28307.2092
MinimumVisualStudioVersion = 10.0.40219.1
Project("{FAE04EC0-301F-11D3-BF4B-00C04F79EFBC}") = "StudentManagement", "StudentManagement\StudentManagement.csproj", "{172BADB8-1944-4D5E-A8F0-A7129D36A5CE}"
EndProject
Project("{FAE04EC0-301F-11D3-BF4B-00C04F79EFBC}") = "BussinessObjects", "BussinessObjects\BussinessObjects.csproj", "{59FAA1A8-641D-4951-BC6A-3E912FFB5B80}"
EndProject
Project("{FAE04EC0-301F-11D3-BF4B-00C04F79EFBC}") = "DataAccess", "DataAccess\DataAccess.csproj", "{23464231-2DA9-4549-9AF0-0181C961F03B}"
EndProject
Project("{FAE04EC0-301F-11D3-BF4B-00C04F79EFBC}") = "BussinessLogic", "BussinessLogic\BussinessLogic.csproj", "{0DAFC301-551C-48B2-B4F6-E92E0E832B42}"
EndProject
Global
	GlobalSection(SolutionConfigurationPlatforms) = preSolution
		Debug|Any CPU = Debug|Any CPU
		Release|Any CPU = Release|Any CPU
	EndGlobalSection
	GlobalSection(ProjectConfigurationPlatforms) = postSolution
		{172BADB8-1944-4D5E-A8F0-A7129D36A5CE}.Debug|Any CPU.ActiveCfg = Debug|Any CPU
		{172BADB8-1944-4D5E-A8F0-A7129D36A5CE}.Debug|Any CPU.Build.0 = Debug|Any CPU
		{172BADB8-1944-4D5E-A8F0-A7129D36A5CE}.Release|Any CPU.ActiveCfg = Release|Any CPU
		{172BADB8-1944-4D5E-A8F0-A7129D36A5CE}.Release|Any CPU.Build.0 = Release|Any CPU
		{59FAA1A8-641D-4951-BC6A-3E912FFB5B80}.Debug|Any CPU.ActiveCfg = Debug|Any CPU
		{59FAA1A8-641D-4951-BC6A-3E912FFB5B80}.Debug|Any CPU.Build.0 = Debug|Any CPU
		{59FAA1A8-641D-4951-BC6A-3E912FFB5B80}.Release|Any CPU.ActiveCfg = Release|Any CPU
		{59FAA1A8-641D-4951-BC6A-3E912FFB5B80}.Release|Any CPU.Build.0 = Release|Any CPU
		{23464231-2DA9-4549-9AF0-0181C961F03B}.Debug|Any CPU.ActiveCfg = Debug|Any CPU
		{23464231-2DA9-4549-9AF0-0181C961F03B}.Debug|Any CPU.Build.0 = Debug|Any CPU
		{23464231-2DA9-4549-9AF0-0181C961F03B}.Release|Any CPU.ActiveCfg = Release|Any CPU
		{23464231-2DA9-4549-9AF0-0181C961F03B}.Release|Any CPU.Build.0 = Release|Any CPU
		{0DAFC301-551C-48B2-B4F6-E92E0E832B42}.Debug|Any CPU.ActiveCfg = Debug|Any CPU
		{0DAFC301-551C-48B2-B4F6-E92E0E832B42}.Debug|Any CPU.Build.0 = Debug|Any CPU
		{0DAFC301-551C-48B2-B4F6-E92E0E832B42}.Release|Any CPU.ActiveCfg = Release|Any CPU
		{0DAFC301-551C-48B2-B4F6-E92E0E832B42}.Release|Any CPU.Build.0 = Release|Any CPU
	EndGlobalSection
	GlobalSection(SolutionProperties) = preSolution
		HideSolutionNode = FALSE
	EndGlobalSection
	GlobalSection(ExtensibilityGlobals) = postSolution
		SolutionGuid = {BB420D4F-AD4A-427D-9A22-AE587D717E1A}
	EndGlobalSection
EndGlobal
